
Microsoft Visual Studio Solution File, Format Version 12.00
# Visual Studio 2012
Project("{FAE04EC0-301F-11D3-BF4B-00C04F79EFBC}") = "Rest", "Rest\Rest.csproj", "{539AADF0-16FD-44AD-9931-75067944BBA2}"
EndProject
Project("{FAE04EC0-301F-11D3-BF4B-00C04F79EFBC}") = "ServiceModel", "ServiceModel\ServiceModel.csproj", "{C4744FDD-04BC-4B6F-B02C-92AF525723D2}"
EndProject
Project("{FAE04EC0-301F-11D3-BF4B-00C04F79EFBC}") = "ServiceInterface", "ServiceInterface\ServiceInterface.csproj", "{53EB313E-50A6-4C38-BDD0-51C1DB4CD9FD}"
EndProject
Project("{FAE04EC0-301F-11D3-BF4B-00C04F79EFBC}") = "Api", "Api\Api.csproj", "{7645B86B-D889-4687-97A4-674F6F3F6D99}"
EndProject
Global
	GlobalSection(SolutionConfigurationPlatforms) = preSolution
		Debug|Any CPU = Debug|Any CPU
		Release|Any CPU = Release|Any CPU
	EndGlobalSection
	GlobalSection(ProjectConfigurationPlatforms) = postSolution
		{539AADF0-16FD-44AD-9931-75067944BBA2}.Debug|Any CPU.ActiveCfg = Debug|Any CPU
		{539AADF0-16FD-44AD-9931-75067944BBA2}.Debug|Any CPU.Build.0 = Debug|Any CPU
		{539AADF0-16FD-44AD-9931-75067944BBA2}.Release|Any CPU.ActiveCfg = Release|Any CPU
		{539AADF0-16FD-44AD-9931-75067944BBA2}.Release|Any CPU.Build.0 = Release|Any CPU
		{53EB313E-50A6-4C38-BDD0-51C1DB4CD9FD}.Debug|Any CPU.ActiveCfg = Debug|Any CPU
		{53EB313E-50A6-4C38-BDD0-51C1DB4CD9FD}.Debug|Any CPU.Build.0 = Debug|Any CPU
		{53EB313E-50A6-4C38-BDD0-51C1DB4CD9FD}.Release|Any CPU.ActiveCfg = Release|Any CPU
		{53EB313E-50A6-4C38-BDD0-51C1DB4CD9FD}.Release|Any CPU.Build.0 = Release|Any CPU
		{7645B86B-D889-4687-97A4-674F6F3F6D99}.Debug|Any CPU.ActiveCfg = Debug|Any CPU
		{7645B86B-D889-4687-97A4-674F6F3F6D99}.Debug|Any CPU.Build.0 = Debug|Any CPU
		{7645B86B-D889-4687-97A4-674F6F3F6D99}.Release|Any CPU.ActiveCfg = Release|Any CPU
		{7645B86B-D889-4687-97A4-674F6F3F6D99}.Release|Any CPU.Build.0 = Release|Any CPU
		{C4744FDD-04BC-4B6F-B02C-92AF525723D2}.Debug|Any CPU.ActiveCfg = Debug|Any CPU
		{C4744FDD-04BC-4B6F-B02C-92AF525723D2}.Debug|Any CPU.Build.0 = Debug|Any CPU
		{C4744FDD-04BC-4B6F-B02C-92AF525723D2}.Release|Any CPU.ActiveCfg = Release|Any CPU
		{C4744FDD-04BC-4B6F-B02C-92AF525723D2}.Release|Any CPU.Build.0 = Release|Any CPU
	EndGlobalSection
	GlobalSection(MonoDevelopProperties) = preSolution
		StartupItem = Rest\Rest.csproj
	EndGlobalSection
EndGlobal
